// !$*UTF8*$!
{
	archiveVersion = 1;
	classes = {
	};
	objectVersion = 50;
	objects = {

/* Begin PBXBuildFile section */
		9B65ABCD237F0BC40069A3F7 /* AppDelegate.swift in Sources */ = {isa = PBXBuildFile; fileRef = 9B65ABCC237F0BC40069A3F7 /* AppDelegate.swift */; };
		9B65ABCF237F0BC40069A3F7 /* ViewController.swift in Sources */ = {isa = PBXBuildFile; fileRef = 9B65ABCE237F0BC40069A3F7 /* ViewController.swift */; };
		9B65ABD2237F0BC40069A3F7 /* Main.storyboard in Resources */ = {isa = PBXBuildFile; fileRef = 9B65ABD0237F0BC40069A3F7 /* Main.storyboard */; };
		9B65ABD4237F0BC50069A3F7 /* Assets.xcassets in Resources */ = {isa = PBXBuildFile; fileRef = 9B65ABD3237F0BC50069A3F7 /* Assets.xcassets */; };
		9B65ABD7237F0BC50069A3F7 /* LaunchScreen.storyboard in Resources */ = {isa = PBXBuildFile; fileRef = 9B65ABD5237F0BC50069A3F7 /* LaunchScreen.storyboard */; };
		9B65ABDF237F0E710069A3F7 /* StudentMainTableViewController.swift in Sources */ = {isa = PBXBuildFile; fileRef = 9B65ABDE237F0E710069A3F7 /* StudentMainTableViewController.swift */; };
		9B65ABE1237F0E990069A3F7 /* StudentDeatilViewController.swift in Sources */ = {isa = PBXBuildFile; fileRef = 9B65ABE0237F0E990069A3F7 /* StudentDeatilViewController.swift */; };
		9B65ABE3237F0EB20069A3F7 /* StudentData.swift in Sources */ = {isa = PBXBuildFile; fileRef = 9B65ABE2237F0EB20069A3F7 /* StudentData.swift */; };
		9B65ABE5237F0ECF0069A3F7 /* StudentGPAViewController.swift in Sources */ = {isa = PBXBuildFile; fileRef = 9B65ABE4237F0ECF0069A3F7 /* StudentGPAViewController.swift */; };
/* End PBXBuildFile section */

/* Begin PBXFileReference section */
		9B65ABC9237F0BC40069A3F7 /* Chhabi_761355_gpaApp.app */ = {isa = PBXFileReference; explicitFileType = wrapper.application; includeInIndex = 0; path = Chhabi_761355_gpaApp.app; sourceTree = BUILT_PRODUCTS_DIR; };
		9B65ABCC237F0BC40069A3F7 /* AppDelegate.swift */ = {isa = PBXFileReference; lastKnownFileType = sourcecode.swift; path = AppDelegate.swift; sourceTree = "<group>"; };
		9B65ABCE237F0BC40069A3F7 /* ViewController.swift */ = {isa = PBXFileReference; lastKnownFileType = sourcecode.swift; path = ViewController.swift; sourceTree = "<group>"; };
		9B65ABD1237F0BC40069A3F7 /* Base */ = {isa = PBXFileReference; lastKnownFileType = file.storyboard; name = Base; path = Base.lproj/Main.storyboard; sourceTree = "<group>"; };
		9B65ABD3237F0BC50069A3F7 /* Assets.xcassets */ = {isa = PBXFileReference; lastKnownFileType = folder.assetcatalog; path = Assets.xcassets; sourceTree = "<group>"; };
		9B65ABD6237F0BC50069A3F7 /* Base */ = {isa = PBXFileReference; lastKnownFileType = file.storyboard; name = Base; path = Base.lproj/LaunchScreen.storyboard; sourceTree = "<group>"; };
		9B65ABD8237F0BC50069A3F7 /* Info.plist */ = {isa = PBXFileReference; lastKnownFileType = text.plist.xml; path = Info.plist; sourceTree = "<group>"; };
		9B65ABDE237F0E710069A3F7 /* StudentMainTableViewController.swift */ = {isa = PBXFileReference; lastKnownFileType = sourcecode.swift; path = StudentMainTableViewController.swift; sourceTree = "<group>"; };
		9B65ABE0237F0E990069A3F7 /* StudentDeatilViewController.swift */ = {isa = PBXFileReference; lastKnownFileType = sourcecode.swift; path = StudentDeatilViewController.swift; sourceTree = "<group>"; };
		9B65ABE2237F0EB20069A3F7 /* StudentData.swift */ = {isa = PBXFileReference; lastKnownFileType = sourcecode.swift; path = StudentData.swift; sourceTree = "<group>"; };
		9B65ABE4237F0ECF0069A3F7 /* StudentGPAViewController.swift */ = {isa = PBXFileReference; lastKnownFileType = sourcecode.swift; path = StudentGPAViewController.swift; sourceTree = "<group>"; };
/* End PBXFileReference section */

/* Begin PBXFrameworksBuildPhase section */
		9B65ABC6237F0BC40069A3F7 /* Frameworks */ = {
			isa = PBXFrameworksBuildPhase;
			buildActionMask = 2147483647;
			files = (
			);
			runOnlyForDeploymentPostprocessing = 0;
		};
/* End PBXFrameworksBuildPhase section */

/* Begin PBXGroup section */
		9B65ABC0237F0BC40069A3F7 = {
			isa = PBXGroup;
			children = (
				9B65ABCB237F0BC40069A3F7 /* Chhabi_761355_gpaApp */,
				9B65ABCA237F0BC40069A3F7 /* Products */,
			);
			sourceTree = "<group>";
		};
		9B65ABCA237F0BC40069A3F7 /* Products */ = {
			isa = PBXGroup;
			children = (
				9B65ABC9237F0BC40069A3F7 /* Chhabi_761355_gpaApp.app */,
			);
			name = Products;
			sourceTree = "<group>";
		};
		9B65ABCB237F0BC40069A3F7 /* Chhabi_761355_gpaApp */ = {
			isa = PBXGroup;
			children = (
				9B65ABE8237F0EFA0069A3F7 /* View */,
				9B65ABE7237F0EF10069A3F7 /* Model */,
				9B65ABE6237F0ED80069A3F7 /* Controller */,
				9B65ABCC237F0BC40069A3F7 /* AppDelegate.swift */,
				9B65ABD3237F0BC50069A3F7 /* Assets.xcassets */,
				9B65ABD5237F0BC50069A3F7 /* LaunchScreen.storyboard */,
				9B65ABD8237F0BC50069A3F7 /* Info.plist */,
			);
			path = Chhabi_761355_gpaApp;
			sourceTree = "<group>";
		};
		9B65ABE6237F0ED80069A3F7 /* Controller */ = {
			isa = PBXGroup;
			children = (
				9B65ABDE237F0E710069A3F7 /* StudentMainTableViewController.swift */,
				9B65ABE0237F0E990069A3F7 /* StudentDeatilViewController.swift */,
				9B65ABE4237F0ECF0069A3F7 /* StudentGPAViewController.swift */,
				9B65ABCE237F0BC40069A3F7 /* ViewController.swift */,
			);
			path = Controller;
			sourceTree = "<group>";
		};
		9B65ABE7237F0EF10069A3F7 /* Model */ = {
			isa = PBXGroup;
			children = (
				9B65ABE2237F0EB20069A3F7 /* StudentData.swift */,
			);
			path = Model;
			sourceTree = "<group>";
		};
		9B65ABE8237F0EFA0069A3F7 /* View */ = {
			isa = PBXGroup;
			children = (
				9B65ABD0237F0BC40069A3F7 /* Main.storyboard */,
			);
			path = View;
			sourceTree = "<group>";
		};
/* End PBXGroup section */

/* Begin PBXNativeTarget section */
		9B65ABC8237F0BC40069A3F7 /* Chhabi_761355_gpaApp */ = {
			isa = PBXNativeTarget;
			buildConfigurationList = 9B65ABDB237F0BC50069A3F7 /* Build configuration list for PBXNativeTarget "Chhabi_761355_gpaApp" */;
			buildPhases = (
				9B65ABC5237F0BC40069A3F7 /* Sources */,
				9B65ABC6237F0BC40069A3F7 /* Frameworks */,
				9B65ABC7237F0BC40069A3F7 /* Resources */,
			);
			buildRules = (
			);
			dependencies = (
			);
			name = Chhabi_761355_gpaApp;
			productName = Chhabi_761355_gpaApp;
			productReference = 9B65ABC9237F0BC40069A3F7 /* Chhabi_761355_gpaApp.app */;
			productType = "com.apple.product-type.application";
		};
/* End PBXNativeTarget section */

/* Begin PBXProject section */
		9B65ABC1237F0BC40069A3F7 /* Project object */ = {
			isa = PBXProject;
			attributes = {
				LastSwiftUpdateCheck = 1030;
				LastUpgradeCheck = 1030;
				ORGANIZATIONNAME = MacStudent;
				TargetAttributes = {
					9B65ABC8237F0BC40069A3F7 = {
						CreatedOnToolsVersion = 10.3;
					};
				};
			};
			buildConfigurationList = 9B65ABC4237F0BC40069A3F7 /* Build configuration list for PBXProject "Chhabi_761355_gpaApp" */;
			compatibilityVersion = "Xcode 9.3";
			developmentRegion = en;
			hasScannedForEncodings = 0;
			knownRegions = (
				en,
				Base,
			);
			mainGroup = 9B65ABC0237F0BC40069A3F7;
			productRefGroup = 9B65ABCA237F0BC40069A3F7 /* Products */;
			projectDirPath = "";
			projectRoot = "";
			targets = (
				9B65ABC8237F0BC40069A3F7 /* Chhabi_761355_gpaApp */,
			);
		};
/* End PBXProject section */

/* Begin PBXResourcesBuildPhase section */
		9B65ABC7237F0BC40069A3F7 /* Resources */ = {
			isa = PBXResourcesBuildPhase;
			buildActionMask = 2147483647;
			files = (
				9B65ABD7237F0BC50069A3F7 /* LaunchScreen.storyboard in Resources */,
				9B65ABD4237F0BC50069A3F7 /* Assets.xcassets in Resources */,
				9B65ABD2237F0BC40069A3F7 /* Main.storyboard in Resources */,
			);
			runOnlyForDeploymentPostprocessing = 0;
		};
/* End PBXResourcesBuildPhase section */

/* Begin PBXSourcesBuildPhase section */
		9B65ABC5237F0BC40069A3F7 /* Sources */ = {
			isa = PBXSourcesBuildPhase;
			buildActionMask = 2147483647;
			files = (
				9B65ABCF237F0BC40069A3F7 /* ViewController.swift in Sources */,
				9B65ABCD237F0BC40069A3F7 /* AppDelegate.swift in Sources */,
				9B65ABDF237F0E710069A3F7 /* StudentMainTableViewController.swift in Sources */,
				9B65ABE5237F0ECF0069A3F7 /* StudentGPAViewController.swift in Sources */,
				9B65ABE1237F0E990069A3F7 /* StudentDeatilViewController.swift in Sources */,
				9B65ABE3237F0EB20069A3F7 /* StudentData.swift in Sources */,
			);
			runOnlyForDeploymentPostprocessing = 0;
		};
/* End PBXSourcesBuildPhase section */

/* Begin PBXVariantGroup section */
		9B65ABD0237F0BC40069A3F7 /* Main.storyboard */ = {
			isa = PBXVariantGroup;
			children = (
				9B65ABD1237F0BC40069A3F7 /* Base */,
			);
			name = Main.storyboard;
			sourceTree = "<group>";
		};
		9B65ABD5237F0BC50069A3F7 /* LaunchScreen.storyboard */ = {
			isa = PBXVariantGroup;
			children = (
				9B65ABD6237F0BC50069A3F7 /* Base */,
			);
			name = LaunchScreen.storyboard;
			sourceTree = "<group>";
		};
/* End PBXVariantGroup section */

/* Begin XCBuildConfiguration section */
		9B65ABD9237F0BC50069A3F7 /* Debug */ = {
			isa = XCBuildConfiguration;
			buildSettings = {
				ALWAYS_SEARCH_USER_PATHS = NO;
				CLANG_ANALYZER_NONNULL = YES;
				CLANG_ANALYZER_NUMBER_OBJECT_CONVERSION = YES_AGGRESSIVE;
				CLANG_CXX_LANGUAGE_STANDARD = "gnu++14";
				CLANG_CXX_LIBRARY = "libc++";
				CLANG_ENABLE_MODULES = YES;
				CLANG_ENABLE_OBJC_ARC = YES;
				CLANG_ENABLE_OBJC_WEAK = YES;
				CLANG_WARN_BLOCK_CAPTURE_AUTORELEASING = YES;
				CLANG_WARN_BOOL_CONVERSION = YES;
				CLANG_WARN_COMMA = YES;
				CLANG_WARN_CONSTANT_CONVERSION = YES;
				CLANG_WARN_DEPRECATED_OBJC_IMPLEMENTATIONS = YES;
				CLANG_WARN_DIRECT_OBJC_ISA_USAGE = YES_ERROR;
				CLANG_WARN_DOCUMENTATION_COMMENTS = YES;
				CLANG_WARN_EMPTY_BODY = YES;
				CLANG_WARN_ENUM_CONVERSION = YES;
				CLANG_WARN_INFINITE_RECURSION = YES;
				CLANG_WARN_INT_CONVERSION = YES;
				CLANG_WARN_NON_LITERAL_NULL_CONVERSION = YES;
				CLANG_WARN_OBJC_IMPLICIT_RETAIN_SELF = YES;
				CLANG_WARN_OBJC_LITERAL_CONVERSION = YES;
				CLANG_WARN_OBJC_ROOT_CLASS = YES_ERROR;
				CLANG_WARN_RANGE_LOOP_ANALYSIS = YES;
				CLANG_WARN_STRICT_PROTOTYPES = YES;
				CLANG_WARN_SUSPICIOUS_MOVE = YES;
				CLANG_WARN_UNGUARDED_AVAILABILITY = YES_AGGRESSIVE;
				CLANG_WARN_UNREACHABLE_CODE = YES;
				CLANG_WARN__DUPLICATE_METHOD_MATCH = YES;
				CODE_SIGN_IDENTITY = "iPhone Developer";
				COPY_PHASE_STRIP = NO;
				DEBUG_INFORMATION_FORMAT = dwarf;
				ENABLE_STRICT_OBJC_MSGSEND = YES;
				ENABLE_TESTABILITY = YES;
				GCC_C_LANGUAGE_STANDARD = gnu11;
				GCC_DYNAMIC_NO_PIC = NO;
				GCC_NO_COMMON_BLOCKS = YES;
				GCC_OPTIMIZATION_LEVEL = 0;
				GCC_PREPROCESSOR_DEFINITIONS = (
					"DEBUG=1",
					"$(inherited)",
				);
				GCC_WARN_64_TO_32_BIT_CONVERSION = YES;
				GCC_WARN_ABOUT_RETURN_TYPE = YES_ERROR;
				GCC_WARN_UNDECLARED_SELECTOR = YES;
				GCC_WARN_UNINITIALIZED_AUTOS = YES_AGGRESSIVE;
				GCC_WARN_UNUSED_FUNCTION = YES;
				GCC_WARN_UNUSED_VARIABLE = YES;
				IPHONEOS_DEPLOYMENT_TARGET = 12.4;
				MTL_ENABLE_DEBUG_INFO = INCLUDE_SOURCE;
				MTL_FAST_MATH = YES;
				ONLY_ACTIVE_ARCH = YES;
				SDKROOT = iphoneos;
				SWIFT_ACTIVE_COMPILATION_CONDITIONS = DEBUG;
				SWIFT_OPTIMIZATION_LEVEL = "-Onone";
			};
			name = Debug;
		};
		9B65ABDA237F0BC50069A3F7 /* Release */ = {
			isa = XCBuildConfiguration;
			buildSettings = {
				ALWAYS_SEARCH_USER_PATHS = NO;
				CLANG_ANALYZER_NONNULL = YES;
				CLANG_ANALYZER_NUMBER_OBJECT_CONVERSION = YES_AGGRESSIVE;
				CLANG_CXX_LANGUAGE_STANDARD = "gnu++14";
				CLANG_CXX_LIBRARY = "libc++";
				CLANG_ENABLE_MODULES = YES;
				CLANG_ENABLE_OBJC_ARC = YES;
				CLANG_ENABLE_OBJC_WEAK = YES;
				CLANG_WARN_BLOCK_CAPTURE_AUTORELEASING = YES;
				CLANG_WARN_BOOL_CONVERSION = YES;
				CLANG_WARN_COMMA = YES;
				CLANG_WARN_CONSTANT_CONVERSION = YES;
				CLANG_WARN_DEPRECATED_OBJC_IMPLEMENTATIONS = YES;
				CLANG_WARN_DIRECT_OBJC_ISA_USAGE = YES_ERROR;
				CLANG_WARN_DOCUMENTATION_COMMENTS = YES;
				CLANG_WARN_EMPTY_BODY = YES;
				CLANG_WARN_ENUM_CONVERSION = YES;
				CLANG_WARN_INFINITE_RECURSION = YES;
				CLANG_WARN_INT_CONVERSION = YES;
				CLANG_WARN_NON_LITERAL_NULL_CONVERSION = YES;
				CLANG_WARN_OBJC_IMPLICIT_RETAIN_SELF = YES;
				CLANG_WARN_OBJC_LITERAL_CONVERSION = YES;
				CLANG_WARN_OBJC_ROOT_CLASS = YES_ERROR;
				CLANG_WARN_RANGE_LOOP_ANALYSIS = YES;
				CLANG_WARN_STRICT_PROTOTYPES = YES;
				CLANG_WARN_SUSPICIOUS_MOVE = YES;
				CLANG_WARN_UNGUARDED_AVAILABILITY = YES_AGGRESSIVE;
				CLANG_WARN_UNREACHABLE_CODE = YES;
				CLANG_WARN__DUPLICATE_METHOD_MATCH = YES;
				CODE_SIGN_IDENTITY = "iPhone Developer";
				COPY_PHASE_STRIP = NO;
				DEBUG_INFORMATION_FORMAT = "dwarf-with-dsym";
				ENABLE_NS_ASSERTIONS = NO;
				ENABLE_STRICT_OBJC_MSGSEND = YES;
				GCC_C_LANGUAGE_STANDARD = gnu11;
				GCC_NO_COMMON_BLOCKS = YES;
				GCC_WARN_64_TO_32_BIT_CONVERSION = YES;
				GCC_WARN_ABOUT_RETURN_TYPE = YES_ERROR;
				GCC_WARN_UNDECLARED_SELECTOR = YES;
				GCC_WARN_UNINITIALIZED_AUTOS = YES_AGGRESSIVE;
				GCC_WARN_UNUSED_FUNCTION = YES;
				GCC_WARN_UNUSED_VARIABLE = YES;
				IPHONEOS_DEPLOYMENT_TARGET = 12.4;
				MTL_ENABLE_DEBUG_INFO = NO;
				MTL_FAST_MATH = YES;
				SDKROOT = iphoneos;
				SWIFT_COMPILATION_MODE = wholemodule;
				SWIFT_OPTIMIZATION_LEVEL = "-O";
				VALIDATE_PRODUCT = YES;
			};
			name = Release;
		};
		9B65ABDC237F0BC50069A3F7 /* Debug */ = {
			isa = XCBuildConfiguration;
			buildSettings = {
				ASSETCATALOG_COMPILER_APPICON_NAME = AppIcon;
				CODE_SIGN_STYLE = Automatic;
				DEVELOPMENT_TEAM = H8U82Q9YW3;
				INFOPLIST_FILE = Chhabi_761355_gpaApp/Info.plist;
				LD_RUNPATH_SEARCH_PATHS = (
					"$(inherited)",
					"@executable_path/Frameworks",
				);
				PRODUCT_BUNDLE_IDENTIFIER = "CestarCollege.Chhabi-761355-gpaApp";
				PRODUCT_NAME = "$(TARGET_NAME)";
				SWIFT_VERSION = 5.0;
				TARGETED_DEVICE_FAMILY = "1,2";
			};
			name = Debug;
		};
		9B65ABDD237F0BC50069A3F7 /* Release */ = {
			isa = XCBuildConfiguration;
			buildSettings = {
				ASSETCATALOG_COMPILER_APPICON_NAME = AppIcon;
				CODE_SIGN_STYLE = Automatic;
				DEVELOPMENT_TEAM = H8U82Q9YW3;
				INFOPLIST_FILE = Chhabi_761355_gpaApp/Info.plist;
				LD_RUNPATH_SEARCH_PATHS = (
					"$(inherited)",
					"@executable_path/Frameworks",
				);
				PRODUCT_BUNDLE_IDENTIFIER = "CestarCollege.Chhabi-761355-gpaApp";
				PRODUCT_NAME = "$(TARGET_NAME)";
				SWIFT_VERSION = 5.0;
				TARGETED_DEVICE_FAMILY = "1,2";
			};
			name = Release;
		};
/* End XCBuildConfiguration section */

/* Begin XCConfigurationList section */
		9B65ABC4237F0BC40069A3F7 /* Build configuration list for PBXProject "Chhabi_761355_gpaApp" */ = {
			isa = XCConfigurationList;
			buildConfigurations = (
				9B65ABD9237F0BC50069A3F7 /* Debug */,
				9B65ABDA237F0BC50069A3F7 /* Release */,
			);
			defaultConfigurationIsVisible = 0;
			defaultConfigurationName = Release;
		};
		9B65ABDB237F0BC50069A3F7 /* Build configuration list for PBXNativeTarget "Chhabi_761355_gpaApp" */ = {
			isa = XCConfigurationList;
			buildConfigurations = (
				9B65ABDC237F0BC50069A3F7 /* Debug */,
				9B65ABDD237F0BC50069A3F7 /* Release */,
			);
			defaultConfigurationIsVisible = 0;
			defaultConfigurationName = Release;
		};
/* End XCConfigurationList section */
	};
	rootObject = 9B65ABC1237F0BC40069A3F7 /* Project object */;
}
